
Microsoft Visual Studio Solution File, Format Version 12.00
# Visual Studio Version 17
VisualStudioVersion = 17.10.35027.167
MinimumVisualStudioVersion = 10.0.40219.1
Project("{FAE04EC0-301F-11D3-BF4B-00C04F79EFBC}") = "PolyBook", "PolyBook\PolyBook.csproj", "{0141A496-CD92-494A-BB2C-8AC525BE8881}"
EndProject
Global
	GlobalSection(SolutionConfigurationPlatforms) = preSolution
		Debug|Any CPU = Debug|Any CPU
		Release|Any CPU = Release|Any CPU
	EndGlobalSection
	GlobalSection(ProjectConfigurationPlatforms) = postSolution
		{0141A496-CD92-494A-BB2C-8AC525BE8881}.Debug|Any CPU.ActiveCfg = Debug|Any CPU
		{0141A496-CD92-494A-BB2C-8AC525BE8881}.Debug|Any CPU.Build.0 = Debug|Any CPU
		{0141A496-CD92-494A-BB2C-8AC525BE8881}.Release|Any CPU.ActiveCfg = Release|Any CPU
		{0141A496-CD92-494A-BB2C-8AC525BE8881}.Release|Any CPU.Build.0 = Release|Any CPU
	EndGlobalSection
	GlobalSection(SolutionProperties) = preSolution
		HideSolutionNode = FALSE
	EndGlobalSection
	GlobalSection(ExtensibilityGlobals) = postSolution
		SolutionGuid = {C7590C81-4B92-44F1-B198-C52F23E444E0}
	EndGlobalSection
EndGlobal
